{
  "name": "Template-Vault",
  "lockfileVersion": 2,
  "requires": true,
  "packages": {
    "": {
      "dependencies": {
        "@primer/primitives": "^7.9.0",
        "github-syntax-dark": "^0.5.0"
      }
    },
    "node_modules/@primer/primitives": {
      "version": "7.9.0",
      "resolved": "https://registry.npmjs.org/@primer/primitives/-/primitives-7.9.0.tgz",
      "integrity": "sha512-ZHHfwB0z0z6nDJp263gyGIClYDy+rl0nwqyi4qhcv3Cxhkmtf+If2KVjr6FQqBBFfi1wQwUzaax2FBvfEMFBnw=="
    },
    "node_modules/github-syntax-dark": {
      "version": "0.5.0",
      "resolved": "https://registry.npmjs.org/github-syntax-dark/-/github-syntax-dark-0.5.0.tgz",
      "integrity": "sha512-RoFaoOEmvX25k0FEV4PJ0y5McWZOI6ZKfFee7YzxKUzz2SErzFec9f2IpW2zbijzImx8s9Zsd5YvO01XxX7xVg=="
    }
  },
  "dependencies": {
    "@primer/primitives": {
      "version": "7.9.0",
      "resolved": "https://registry.npmjs.org/@primer/primitives/-/primitives-7.9.0.tgz",
      "integrity": "sha512-ZHHfwB0z0z6nDJp263gyGIClYDy+rl0nwqyi4qhcv3Cxhkmtf+If2KVjr6FQqBBFfi1wQwUzaax2FBvfEMFBnw=="
    },
    "github-syntax-dark": {
      "version": "0.5.0",
      "resolved": "https://registry.npmjs.org/github-syntax-dark/-/github-syntax-dark-0.5.0.tgz",
      "integrity": "sha512-RoFaoOEmvX25k0FEV4PJ0y5McWZOI6ZKfFee7YzxKUzz2SErzFec9f2IpW2zbijzImx8s9Zsd5YvO01XxX7xVg=="
    }
  }
}
